{
  "name": "my-app",
  "version": "1.0.0",
  "lockfileVersion": 1,
  "requires": true,
  "dependencies": {
    "react-native-pager-view": {
      "version": "6.4.1",
      "resolved": "https://registry.npmjs.org/react-native-pager-view/-/react-native-pager-view-6.4.1.tgz",
      "integrity": "sha512-HnDxXTRHnR6WJ/vnOitv0C32KG9MJjxLnxswuQlBJmQ7RxF2GWOHSPIRAdZ9fLxdLstV38z9Oz1C95+t+yXkcg=="
    }
  }
}
